
Microsoft Visual Studio Solution File, Format Version 12.00
# Visual Studio 15
VisualStudioVersion = 15.0.28307.1300
MinimumVisualStudioVersion = 10.0.40219.1
Project("{FAE04EC0-301F-11D3-BF4B-00C04F79EFBC}") = "MoshVidlyProject", "MoshVidlyProject\MoshVidlyProject.csproj", "{FAF3F8F6-309E-4A93-89D8-D6188F7C5045}"
EndProject
Global
	GlobalSection(SolutionConfigurationPlatforms) = preSolution
		Debug|Any CPU = Debug|Any CPU
		Release|Any CPU = Release|Any CPU
	EndGlobalSection
	GlobalSection(ProjectConfigurationPlatforms) = postSolution
		{FAF3F8F6-309E-4A93-89D8-D6188F7C5045}.Debug|Any CPU.ActiveCfg = Debug|Any CPU
		{FAF3F8F6-309E-4A93-89D8-D6188F7C5045}.Debug|Any CPU.Build.0 = Debug|Any CPU
		{FAF3F8F6-309E-4A93-89D8-D6188F7C5045}.Release|Any CPU.ActiveCfg = Release|Any CPU
		{FAF3F8F6-309E-4A93-89D8-D6188F7C5045}.Release|Any CPU.Build.0 = Release|Any CPU
	EndGlobalSection
	GlobalSection(SolutionProperties) = preSolution
		HideSolutionNode = FALSE
	EndGlobalSection
	GlobalSection(ExtensibilityGlobals) = postSolution
		SolutionGuid = {A19EFFB3-46C2-4C34-BFC8-89A34B216A16}
	EndGlobalSection
EndGlobal
